// !$*UTF8*$!
{
	archiveVersion = 1;
	classes = {
	};
	objectVersion = 46;
	objects = {

/* Begin PBXBuildFile section */
		D451AF0F1B24A8D6004C2602 /* main.m in Sources */ = {isa = PBXBuildFile; fileRef = D451AF0E1B24A8D6004C2602 /* main.m */; };
		D451AF121B24A8D6004C2602 /* AppDelegate.m in Sources */ = {isa = PBXBuildFile; fileRef = D451AF111B24A8D6004C2602 /* AppDelegate.m */; };
		D451AF151B24A8D6004C2602 /* ViewController.m in Sources */ = {isa = PBXBuildFile; fileRef = D451AF141B24A8D6004C2602 /* ViewController.m */; };
		D451AF181B24A8D6004C2602 /* Main.storyboard in Resources */ = {isa = PBXBuildFile; fileRef = D451AF161B24A8D6004C2602 /* Main.storyboard */; };
		D451AF1A1B24A8D6004C2602 /* Images.xcassets in Resources */ = {isa = PBXBuildFile; fileRef = D451AF191B24A8D6004C2602 /* Images.xcassets */; };
		D451AF1D1B24A8D6004C2602 /* LaunchScreen.xib in Resources */ = {isa = PBXBuildFile; fileRef = D451AF1B1B24A8D6004C2602 /* LaunchScreen.xib */; };
		D451AF291B24A8D6004C2602 /* GoingToClubTests.m in Sources */ = {isa = PBXBuildFile; fileRef = D451AF281B24A8D6004C2602 /* GoingToClubTests.m */; };
/* End PBXBuildFile section */

/* Begin PBXContainerItemProxy section */
		D451AF231B24A8D6004C2602 /* PBXContainerItemProxy */ = {
			isa = PBXContainerItemProxy;
			containerPortal = D451AF011B24A8D5004C2602 /* Project object */;
			proxyType = 1;
			remoteGlobalIDString = D451AF081B24A8D5004C2602;
			remoteInfo = GoingToClub;
		};
/* End PBXContainerItemProxy section */

/* Begin PBXFileReference section */
		D451AF091B24A8D5004C2602 /* GoingToClub.app */ = {isa = PBXFileReference; explicitFileType = wrapper.application; includeInIndex = 0; path = GoingToClub.app; sourceTree = BUILT_PRODUCTS_DIR; };
		D451AF0D1B24A8D6004C2602 /* Info.plist */ = {isa = PBXFileReference; lastKnownFileType = text.plist.xml; path = Info.plist; sourceTree = "<group>"; };
		D451AF0E1B24A8D6004C2602 /* main.m */ = {isa = PBXFileReference; lastKnownFileType = sourcecode.c.objc; path = main.m; sourceTree = "<group>"; };
		D451AF101B24A8D6004C2602 /* AppDelegate.h */ = {isa = PBXFileReference; lastKnownFileType = sourcecode.c.h; path = AppDelegate.h; sourceTree = "<group>"; };
		D451AF111B24A8D6004C2602 /* AppDelegate.m */ = {isa = PBXFileReference; lastKnownFileType = sourcecode.c.objc; path = AppDelegate.m; sourceTree = "<group>"; };
		D451AF131B24A8D6004C2602 /* ViewController.h */ = {isa = PBXFileReference; lastKnownFileType = sourcecode.c.h; path = ViewController.h; sourceTree = "<group>"; };
		D451AF141B24A8D6004C2602 /* ViewController.m */ = {isa = PBXFileReference; lastKnownFileType = sourcecode.c.objc; path = ViewController.m; sourceTree = "<group>"; };
		D451AF171B24A8D6004C2602 /* Base */ = {isa = PBXFileReference; lastKnownFileType = file.storyboard; name = Base; path = Base.lproj/Main.storyboard; sourceTree = "<group>"; };
		D451AF191B24A8D6004C2602 /* Images.xcassets */ = {isa = PBXFileReference; lastKnownFileType = folder.assetcatalog; path = Images.xcassets; sourceTree = "<group>"; };
		D451AF1C1B24A8D6004C2602 /* Base */ = {isa = PBXFileReference; lastKnownFileType = file.xib; name = Base; path = Base.lproj/LaunchScreen.xib; sourceTree = "<group>"; };
		D451AF221B24A8D6004C2602 /* GoingToClubTests.xctest */ = {isa = PBXFileReference; explicitFileType = wrapper.cfbundle; includeInIndex = 0; path = GoingToClubTests.xctest; sourceTree = BUILT_PRODUCTS_DIR; };
		D451AF271B24A8D6004C2602 /* Info.plist */ = {isa = PBXFileReference; lastKnownFileType = text.plist.xml; path = Info.plist; sourceTree = "<group>"; };
		D451AF281B24A8D6004C2602 /* GoingToClubTests.m */ = {isa = PBXFileReference; lastKnownFileType = sourcecode.c.objc; path = GoingToClubTests.m; sourceTree = "<group>"; };
/* End PBXFileReference section */

/* Begin PBXFrameworksBuildPhase section */
		D451AF061B24A8D5004C2602 /* Frameworks */ = {
			isa = PBXFrameworksBuildPhase;
			buildActionMask = 2147483647;
			files = (
			);
			runOnlyForDeploymentPostprocessing = 0;
		};
		D451AF1F1B24A8D6004C2602 /* Frameworks */ = {
			isa = PBXFrameworksBuildPhase;
			buildActionMask = 2147483647;
			files = (
			);
			runOnlyForDeploymentPostprocessing = 0;
		};
/* End PBXFrameworksBuildPhase section */

/* Begin PBXGroup section */
		D451AF001B24A8D5004C2602 = {
			isa = PBXGroup;
			children = (
				D451AF0B1B24A8D5004C2602 /* GoingToClub */,
				D451AF251B24A8D6004C2602 /* GoingToClubTests */,
				D451AF0A1B24A8D5004C2602 /* Products */,
			);
			sourceTree = "<group>";
		};
		D451AF0A1B24A8D5004C2602 /* Products */ = {
			isa = PBXGroup;
			children = (
				D451AF091B24A8D5004C2602 /* GoingToClub.app */,
				D451AF221B24A8D6004C2602 /* GoingToClubTests.xctest */,
			);
			name = Products;
			sourceTree = "<group>";
		};
		D451AF0B1B24A8D5004C2602 /* GoingToClub */ = {
			isa = PBXGroup;
			children = (
				D451AF101B24A8D6004C2602 /* AppDelegate.h */,
				D451AF111B24A8D6004C2602 /* AppDelegate.m */,
				D451AF131B24A8D6004C2602 /* ViewController.h */,
				D451AF141B24A8D6004C2602 /* ViewController.m */,
				D451AF161B24A8D6004C2602 /* Main.storyboard */,
				D451AF191B24A8D6004C2602 /* Images.xcassets */,
				D451AF1B1B24A8D6004C2602 /* LaunchScreen.xib */,
				D451AF0C1B24A8D6004C2602 /* Supporting Files */,
			);
			path = GoingToClub;
			sourceTree = "<group>";
		};
		D451AF0C1B24A8D6004C2602 /* Supporting Files */ = {
			isa = PBXGroup;
			children = (
				D451AF0D1B24A8D6004C2602 /* Info.plist */,
				D451AF0E1B24A8D6004C2602 /* main.m */,
			);
			name = "Supporting Files";
			sourceTree = "<group>";
		};
		D451AF251B24A8D6004C2602 /* GoingToClubTests */ = {
			isa = PBXGroup;
			children = (
				D451AF281B24A8D6004C2602 /* GoingToClubTests.m */,
				D451AF261B24A8D6004C2602 /* Supporting Files */,
			);
			path = GoingToClubTests;
			sourceTree = "<group>";
		};
		D451AF261B24A8D6004C2602 /* Supporting Files */ = {
			isa = PBXGroup;
			children = (
				D451AF271B24A8D6004C2602 /* Info.plist */,
			);
			name = "Supporting Files";
			sourceTree = "<group>";
		};
/* End PBXGroup section */

/* Begin PBXNativeTarget section */
		D451AF081B24A8D5004C2602 /* GoingToClub */ = {
			isa = PBXNativeTarget;
			buildConfigurationList = D451AF2C1B24A8D6004C2602 /* Build configuration list for PBXNativeTarget "GoingToClub" */;
			buildPhases = (
				D451AF051B24A8D5004C2602 /* Sources */,
				D451AF061B24A8D5004C2602 /* Frameworks */,
				D451AF071B24A8D5004C2602 /* Resources */,
			);
			buildRules = (
			);
			dependencies = (
			);
			name = GoingToClub;
			productName = GoingToClub;
			productReference = D451AF091B24A8D5004C2602 /* GoingToClub.app */;
			productType = "com.apple.product-type.application";
		};
		D451AF211B24A8D6004C2602 /* GoingToClubTests */ = {
			isa = PBXNativeTarget;
			buildConfigurationList = D451AF2F1B24A8D6004C2602 /* Build configuration list for PBXNativeTarget "GoingToClubTests" */;
			buildPhases = (
				D451AF1E1B24A8D6004C2602 /* Sources */,
				D451AF1F1B24A8D6004C2602 /* Frameworks */,
				D451AF201B24A8D6004C2602 /* Resources */,
			);
			buildRules = (
			);
			dependencies = (
				D451AF241B24A8D6004C2602 /* PBXTargetDependency */,
			);
			name = GoingToClubTests;
			productName = GoingToClubTests;
			productReference = D451AF221B24A8D6004C2602 /* GoingToClubTests.xctest */;
			productType = "com.apple.product-type.bundle.unit-test";
		};
/* End PBXNativeTarget section */

/* Begin PBXProject section */
		D451AF011B24A8D5004C2602 /* Project object */ = {
			isa = PBXProject;
			attributes = {
				LastUpgradeCheck = 0630;
				ORGANIZATIONNAME = "Jason Wang";
				TargetAttributes = {
					D451AF081B24A8D5004C2602 = {
						CreatedOnToolsVersion = 6.3.2;
					};
					D451AF211B24A8D6004C2602 = {
						CreatedOnToolsVersion = 6.3.2;
						TestTargetID = D451AF081B24A8D5004C2602;
					};
				};
			};
			buildConfigurationList = D451AF041B24A8D5004C2602 /* Build configuration list for PBXProject "GoingToClub" */;
			compatibilityVersion = "Xcode 3.2";
			developmentRegion = English;
			hasScannedForEncodings = 0;
			knownRegions = (
				en,
				Base,
			);
			mainGroup = D451AF001B24A8D5004C2602;
			productRefGroup = D451AF0A1B24A8D5004C2602 /* Products */;
			projectDirPath = "";
			projectRoot = "";
			targets = (
				D451AF081B24A8D5004C2602 /* GoingToClub */,
				D451AF211B24A8D6004C2602 /* GoingToClubTests */,
			);
		};
/* End PBXProject section */

/* Begin PBXResourcesBuildPhase section */
		D451AF071B24A8D5004C2602 /* Resources */ = {
			isa = PBXResourcesBuildPhase;
			buildActionMask = 2147483647;
			files = (
				D451AF181B24A8D6004C2602 /* Main.storyboard in Resources */,
				D451AF1D1B24A8D6004C2602 /* LaunchScreen.xib in Resources */,
				D451AF1A1B24A8D6004C2602 /* Images.xcassets in Resources */,
			);
			runOnlyForDeploymentPostprocessing = 0;
		};
		D451AF201B24A8D6004C2602 /* Resources */ = {
			isa = PBXResourcesBuildPhase;
			buildActionMask = 2147483647;
			files = (
			);
			runOnlyForDeploymentPostprocessing = 0;
		};
/* End PBXResourcesBuildPhase section */

/* Begin PBXSourcesBuildPhase section */
		D451AF051B24A8D5004C2602 /* Sources */ = {
			isa = PBXSourcesBuildPhase;
			buildActionMask = 2147483647;
			files = (
				D451AF151B24A8D6004C2602 /* ViewController.m in Sources */,
				D451AF121B24A8D6004C2602 /* AppDelegate.m in Sources */,
				D451AF0F1B24A8D6004C2602 /* main.m in Sources */,
			);
			runOnlyForDeploymentPostprocessing = 0;
		};
		D451AF1E1B24A8D6004C2602 /* Sources */ = {
			isa = PBXSourcesBuildPhase;
			buildActionMask = 2147483647;
			files = (
				D451AF291B24A8D6004C2602 /* GoingToClubTests.m in Sources */,
			);
			runOnlyForDeploymentPostprocessing = 0;
		};
/* End PBXSourcesBuildPhase section */

/* Begin PBXTargetDependency section */
		D451AF241B24A8D6004C2602 /* PBXTargetDependency */ = {
			isa = PBXTargetDependency;
			target = D451AF081B24A8D5004C2602 /* GoingToClub */;
			targetProxy = D451AF231B24A8D6004C2602 /* PBXContainerItemProxy */;
		};
/* End PBXTargetDependency section */

/* Begin PBXVariantGroup section */
		D451AF161B24A8D6004C2602 /* Main.storyboard */ = {
			isa = PBXVariantGroup;
			children = (
				D451AF171B24A8D6004C2602 /* Base */,
			);
			name = Main.storyboard;
			sourceTree = "<group>";
		};
		D451AF1B1B24A8D6004C2602 /* LaunchScreen.xib */ = {
			isa = PBXVariantGroup;
			children = (
				D451AF1C1B24A8D6004C2602 /* Base */,
			);
			name = LaunchScreen.xib;
			sourceTree = "<group>";
		};
/* End PBXVariantGroup section */

/* Begin XCBuildConfiguration section */
		D451AF2A1B24A8D6004C2602 /* Debug */ = {
			isa = XCBuildConfiguration;
			buildSettings = {
				ALWAYS_SEARCH_USER_PATHS = NO;
				CLANG_CXX_LANGUAGE_STANDARD = "gnu++0x";
				CLANG_CXX_LIBRARY = "libc++";
				CLANG_ENABLE_MODULES = YES;
				CLANG_ENABLE_OBJC_ARC = YES;
				CLANG_WARN_BOOL_CONVERSION = YES;
				CLANG_WARN_CONSTANT_CONVERSION = YES;
				CLANG_WARN_DIRECT_OBJC_ISA_USAGE = YES_ERROR;
				CLANG_WARN_EMPTY_BODY = YES;
				CLANG_WARN_ENUM_CONVERSION = YES;
				CLANG_WARN_INT_CONVERSION = YES;
				CLANG_WARN_OBJC_ROOT_CLASS = YES_ERROR;
				CLANG_WARN_UNREACHABLE_CODE = YES;
				CLANG_WARN__DUPLICATE_METHOD_MATCH = YES;
				"CODE_SIGN_IDENTITY[sdk=iphoneos*]" = "iPhone Developer";
				COPY_PHASE_STRIP = NO;
				DEBUG_INFORMATION_FORMAT = "dwarf-with-dsym";
				ENABLE_STRICT_OBJC_MSGSEND = YES;
				GCC_C_LANGUAGE_STANDARD = gnu99;
				GCC_DYNAMIC_NO_PIC = NO;
				GCC_NO_COMMON_BLOCKS = YES;
				GCC_OPTIMIZATION_LEVEL = 0;
				GCC_PREPROCESSOR_DEFINITIONS = (
					"DEBUG=1",
					"$(inherited)",
				);
				GCC_SYMBOLS_PRIVATE_EXTERN = NO;
				GCC_WARN_64_TO_32_BIT_CONVERSION = YES;
				GCC_WARN_ABOUT_RETURN_TYPE = YES_ERROR;
				GCC_WARN_UNDECLARED_SELECTOR = YES;
				GCC_WARN_UNINITIALIZED_AUTOS = YES_AGGRESSIVE;
				GCC_WARN_UNUSED_FUNCTION = YES;
				GCC_WARN_UNUSED_VARIABLE = YES;
				IPHONEOS_DEPLOYMENT_TARGET = 8.3;
				MTL_ENABLE_DEBUG_INFO = YES;
				ONLY_ACTIVE_ARCH = YES;
				SDKROOT = iphoneos;
				TARGETED_DEVICE_FAMILY = "1,2";
			};
			name = Debug;
		};
		D451AF2B1B24A8D6004C2602 /* Release */ = {
			isa = XCBuildConfiguration;
			buildSettings = {
				ALWAYS_SEARCH_USER_PATHS = NO;
				CLANG_CXX_LANGUAGE_STANDARD = "gnu++0x";
				CLANG_CXX_LIBRARY = "libc++";
				CLANG_ENABLE_MODULES = YES;
				CLANG_ENABLE_OBJC_ARC = YES;
				CLANG_WARN_BOOL_CONVERSION = YES;
				CLANG_WARN_CONSTANT_CONVERSION = YES;
				CLANG_WARN_DIRECT_OBJC_ISA_USAGE = YES_ERROR;
				CLANG_WARN_EMPTY_BODY = YES;
				CLANG_WARN_ENUM_CONVERSION = YES;
				CLANG_WARN_INT_CONVERSION = YES;
				CLANG_WARN_OBJC_ROOT_CLASS = YES_ERROR;
				CLANG_WARN_UNREACHABLE_CODE = YES;
				CLANG_WARN__DUPLICATE_METHOD_MATCH = YES;
				"CODE_SIGN_IDENTITY[sdk=iphoneos*]" = "iPhone Developer";
				COPY_PHASE_STRIP = NO;
				DEBUG_INFORMATION_FORMAT = "dwarf-with-dsym";
				ENABLE_NS_ASSERTIONS = NO;
				ENABLE_STRICT_OBJC_MSGSEND = YES;
				GCC_C_LANGUAGE_STANDARD = gnu99;
				GCC_NO_COMMON_BLOCKS = YES;
				GCC_WARN_64_TO_32_BIT_CONVERSION = YES;
				GCC_WARN_ABOUT_RETURN_TYPE = YES_ERROR;
				GCC_WARN_UNDECLARED_SELECTOR = YES;
				GCC_WARN_UNINITIALIZED_AUTOS = YES_AGGRESSIVE;
				GCC_WARN_UNUSED_FUNCTION = YES;
				GCC_WARN_UNUSED_VARIABLE = YES;
				IPHONEOS_DEPLOYMENT_TARGET = 8.3;
				MTL_ENABLE_DEBUG_INFO = NO;
				SDKROOT = iphoneos;
				TARGETED_DEVICE_FAMILY = "1,2";
				VALIDATE_PRODUCT = YES;
			};
			name = Release;
		};
		D451AF2D1B24A8D6004C2602 /* Debug */ = {
			isa = XCBuildConfiguration;
			buildSettings = {
				ASSETCATALOG_COMPILER_APPICON_NAME = AppIcon;
				INFOPLIST_FILE = GoingToClub/Info.plist;
				LD_RUNPATH_SEARCH_PATHS = "$(inherited) @executable_path/Frameworks";
				PRODUCT_NAME = "$(TARGET_NAME)";
			};
			name = Debug;
		};
		D451AF2E1B24A8D6004C2602 /* Release */ = {
			isa = XCBuildConfiguration;
			buildSettings = {
				ASSETCATALOG_COMPILER_APPICON_NAME = AppIcon;
				INFOPLIST_FILE = GoingToClub/Info.plist;
				LD_RUNPATH_SEARCH_PATHS = "$(inherited) @executable_path/Frameworks";
				PRODUCT_NAME = "$(TARGET_NAME)";
			};
			name = Release;
		};
		D451AF301B24A8D6004C2602 /* Debug */ = {
			isa = XCBuildConfiguration;
			buildSettings = {
				BUNDLE_LOADER = "$(TEST_HOST)";
				FRAMEWORK_SEARCH_PATHS = (
					"$(SDKROOT)/Developer/Library/Frameworks",
					"$(inherited)",
				);
				GCC_PREPROCESSOR_DEFINITIONS = (
					"DEBUG=1",
					"$(inherited)",
				);
				INFOPLIST_FILE = GoingToClubTests/Info.plist;
				LD_RUNPATH_SEARCH_PATHS = "$(inherited) @executable_path/Frameworks @loader_path/Frameworks";
				PRODUCT_NAME = "$(TARGET_NAME)";
				TEST_HOST = "$(BUILT_PRODUCTS_DIR)/GoingToClub.app/GoingToClub";
			};
			name = Debug;
		};
		D451AF311B24A8D6004C2602 /* Release */ = {
			isa = XCBuildConfiguration;
			buildSettings = {
				BUNDLE_LOADER = "$(TEST_HOST)";
				FRAMEWORK_SEARCH_PATHS = (
					"$(SDKROOT)/Developer/Library/Frameworks",
					"$(inherited)",
				);
				INFOPLIST_FILE = GoingToClubTests/Info.plist;
				LD_RUNPATH_SEARCH_PATHS = "$(inherited) @executable_path/Frameworks @loader_path/Frameworks";
				PRODUCT_NAME = "$(TARGET_NAME)";
				TEST_HOST = "$(BUILT_PRODUCTS_DIR)/GoingToClub.app/GoingToClub";
			};
			name = Release;
		};
/* End XCBuildConfiguration section */

/* Begin XCConfigurationList section */
		D451AF041B24A8D5004C2602 /* Build configuration list for PBXProject "GoingToClub" */ = {
			isa = XCConfigurationList;
			buildConfigurations = (
				D451AF2A1B24A8D6004C2602 /* Debug */,
				D451AF2B1B24A8D6004C2602 /* Release */,
			);
			defaultConfigurationIsVisible = 0;
			defaultConfigurationName = Release;
		};
		D451AF2C1B24A8D6004C2602 /* Build configuration list for PBXNativeTarget "GoingToClub" */ = {
			isa = XCConfigurationList;
			buildConfigurations = (
				D451AF2D1B24A8D6004C2602 /* Debug */,
				D451AF2E1B24A8D6004C2602 /* Release */,
			);
			defaultConfigurationIsVisible = 0;
		};
		D451AF2F1B24A8D6004C2602 /* Build configuration list for PBXNativeTarget "GoingToClubTests" */ = {
			isa = XCConfigurationList;
			buildConfigurations = (
				D451AF301B24A8D6004C2602 /* Debug */,
				D451AF311B24A8D6004C2602 /* Release */,
			);
			defaultConfigurationIsVisible = 0;
		};
/* End XCConfigurationList section */
	};
	rootObject = D451AF011B24A8D5004C2602 /* Project object */;
}
